// !$*UTF8*$!
{
	archiveVersion = 1;
	classes = {
	};
	objectVersion = 46;
	objects = {

/* Begin PBXBuildFile section */
		86073C8B9F365CDF78AA1C1E /* Pods_UseGCDDemo.framework in Frameworks */ = {isa = PBXBuildFile; fileRef = FA2BC6E293BFCEA6294B9818 /* Pods_UseGCDDemo.framework */; };
		DF51552D1F0DFDD6001A0552 /* main.m in Sources */ = {isa = PBXBuildFile; fileRef = DF51552C1F0DFDD6001A0552 /* main.m */; };
		DF5155301F0DFDD6001A0552 /* AppDelegate.m in Sources */ = {isa = PBXBuildFile; fileRef = DF51552F1F0DFDD6001A0552 /* AppDelegate.m */; };
		DF5155331F0DFDD6001A0552 /* ViewController.m in Sources */ = {isa = PBXBuildFile; fileRef = DF5155321F0DFDD6001A0552 /* ViewController.m */; };
		DF5155361F0DFDD6001A0552 /* Main.storyboard in Resources */ = {isa = PBXBuildFile; fileRef = DF5155341F0DFDD6001A0552 /* Main.storyboard */; };
		DF5155391F0DFDD6001A0552 /* UseGCDDemo.xcdatamodeld in Sources */ = {isa = PBXBuildFile; fileRef = DF5155371F0DFDD6001A0552 /* UseGCDDemo.xcdatamodeld */; };
		DF51553B1F0DFDD6001A0552 /* Assets.xcassets in Resources */ = {isa = PBXBuildFile; fileRef = DF51553A1F0DFDD6001A0552 /* Assets.xcassets */; };
		DF51553E1F0DFDD6001A0552 /* LaunchScreen.storyboard in Resources */ = {isa = PBXBuildFile; fileRef = DF51553C1F0DFDD6001A0552 /* LaunchScreen.storyboard */; };
		DF5155491F0DFDD6001A0552 /* UseGCDDemoTests.m in Sources */ = {isa = PBXBuildFile; fileRef = DF5155481F0DFDD6001A0552 /* UseGCDDemoTests.m */; };
		DF5155541F0DFDD6001A0552 /* UseGCDDemoUITests.m in Sources */ = {isa = PBXBuildFile; fileRef = DF5155531F0DFDD6001A0552 /* UseGCDDemoUITests.m */; };
/* End PBXBuildFile section */

/* Begin PBXContainerItemProxy section */
		DF5155451F0DFDD6001A0552 /* PBXContainerItemProxy */ = {
			isa = PBXContainerItemProxy;
			containerPortal = DF5155201F0DFDD6001A0552 /* Project object */;
			proxyType = 1;
			remoteGlobalIDString = DF5155271F0DFDD6001A0552;
			remoteInfo = UseGCDDemo;
		};
		DF5155501F0DFDD6001A0552 /* PBXContainerItemProxy */ = {
			isa = PBXContainerItemProxy;
			containerPortal = DF5155201F0DFDD6001A0552 /* Project object */;
			proxyType = 1;
			remoteGlobalIDString = DF5155271F0DFDD6001A0552;
			remoteInfo = UseGCDDemo;
		};
/* End PBXContainerItemProxy section */

/* Begin PBXFileReference section */
		76684C80955ABEB66FFFBFDB /* Pods-UseGCDDemo.release.xcconfig */ = {isa = PBXFileReference; includeInIndex = 1; lastKnownFileType = text.xcconfig; name = "Pods-UseGCDDemo.release.xcconfig"; path = "Pods/Target Support Files/Pods-UseGCDDemo/Pods-UseGCDDemo.release.xcconfig"; sourceTree = "<group>"; };
		DF5155281F0DFDD6001A0552 /* UseGCDDemo.app */ = {isa = PBXFileReference; explicitFileType = wrapper.application; includeInIndex = 0; path = UseGCDDemo.app; sourceTree = BUILT_PRODUCTS_DIR; };
		DF51552C1F0DFDD6001A0552 /* main.m */ = {isa = PBXFileReference; lastKnownFileType = sourcecode.c.objc; path = main.m; sourceTree = "<group>"; };
		DF51552E1F0DFDD6001A0552 /* AppDelegate.h */ = {isa = PBXFileReference; lastKnownFileType = sourcecode.c.h; path = AppDelegate.h; sourceTree = "<group>"; };
		DF51552F1F0DFDD6001A0552 /* AppDelegate.m */ = {isa = PBXFileReference; lastKnownFileType = sourcecode.c.objc; path = AppDelegate.m; sourceTree = "<group>"; };
		DF5155311F0DFDD6001A0552 /* ViewController.h */ = {isa = PBXFileReference; lastKnownFileType = sourcecode.c.h; path = ViewController.h; sourceTree = "<group>"; };
		DF5155321F0DFDD6001A0552 /* ViewController.m */ = {isa = PBXFileReference; lastKnownFileType = sourcecode.c.objc; path = ViewController.m; sourceTree = "<group>"; };
		DF5155351F0DFDD6001A0552 /* Base */ = {isa = PBXFileReference; lastKnownFileType = file.storyboard; name = Base; path = Base.lproj/Main.storyboard; sourceTree = "<group>"; };
		DF5155381F0DFDD6001A0552 /* UseGCDDemo.xcdatamodel */ = {isa = PBXFileReference; lastKnownFileType = wrapper.xcdatamodel; path = UseGCDDemo.xcdatamodel; sourceTree = "<group>"; };
		DF51553A1F0DFDD6001A0552 /* Assets.xcassets */ = {isa = PBXFileReference; lastKnownFileType = folder.assetcatalog; path = Assets.xcassets; sourceTree = "<group>"; };
		DF51553D1F0DFDD6001A0552 /* Base */ = {isa = PBXFileReference; lastKnownFileType = file.storyboard; name = Base; path = Base.lproj/LaunchScreen.storyboard; sourceTree = "<group>"; };
		DF51553F1F0DFDD6001A0552 /* Info.plist */ = {isa = PBXFileReference; lastKnownFileType = text.plist.xml; path = Info.plist; sourceTree = "<group>"; };
		DF5155441F0DFDD6001A0552 /* UseGCDDemoTests.xctest */ = {isa = PBXFileReference; explicitFileType = wrapper.cfbundle; includeInIndex = 0; path = UseGCDDemoTests.xctest; sourceTree = BUILT_PRODUCTS_DIR; };
		DF5155481F0DFDD6001A0552 /* UseGCDDemoTests.m */ = {isa = PBXFileReference; lastKnownFileType = sourcecode.c.objc; path = UseGCDDemoTests.m; sourceTree = "<group>"; };
		DF51554A1F0DFDD6001A0552 /* Info.plist */ = {isa = PBXFileReference; lastKnownFileType = text.plist.xml; path = Info.plist; sourceTree = "<group>"; };
		DF51554F1F0DFDD6001A0552 /* UseGCDDemoUITests.xctest */ = {isa = PBXFileReference; explicitFileType = wrapper.cfbundle; includeInIndex = 0; path = UseGCDDemoUITests.xctest; sourceTree = BUILT_PRODUCTS_DIR; };
		DF5155531F0DFDD6001A0552 /* UseGCDDemoUITests.m */ = {isa = PBXFileReference; lastKnownFileType = sourcecode.c.objc; path = UseGCDDemoUITests.m; sourceTree = "<group>"; };
		DF5155551F0DFDD6001A0552 /* Info.plist */ = {isa = PBXFileReference; lastKnownFileType = text.plist.xml; path = Info.plist; sourceTree = "<group>"; };
		FA2BC6E293BFCEA6294B9818 /* Pods_UseGCDDemo.framework */ = {isa = PBXFileReference; explicitFileType = wrapper.framework; includeInIndex = 0; path = Pods_UseGCDDemo.framework; sourceTree = BUILT_PRODUCTS_DIR; };
		FB0F98F0D345BD68E11161D4 /* Pods-UseGCDDemo.debug.xcconfig */ = {isa = PBXFileReference; includeInIndex = 1; lastKnownFileType = text.xcconfig; name = "Pods-UseGCDDemo.debug.xcconfig"; path = "Pods/Target Support Files/Pods-UseGCDDemo/Pods-UseGCDDemo.debug.xcconfig"; sourceTree = "<group>"; };
/* End PBXFileReference section */

/* Begin PBXFrameworksBuildPhase section */
		DF5155251F0DFDD6001A0552 /* Frameworks */ = {
			isa = PBXFrameworksBuildPhase;
			buildActionMask = 2147483647;
			files = (
				86073C8B9F365CDF78AA1C1E /* Pods_UseGCDDemo.framework in Frameworks */,
			);
			runOnlyForDeploymentPostprocessing = 0;
		};
		DF5155411F0DFDD6001A0552 /* Frameworks */ = {
			isa = PBXFrameworksBuildPhase;
			buildActionMask = 2147483647;
			files = (
			);
			runOnlyForDeploymentPostprocessing = 0;
		};
		DF51554C1F0DFDD6001A0552 /* Frameworks */ = {
			isa = PBXFrameworksBuildPhase;
			buildActionMask = 2147483647;
			files = (
			);
			runOnlyForDeploymentPostprocessing = 0;
		};
/* End PBXFrameworksBuildPhase section */

/* Begin PBXGroup section */
		28CC2B3D92CD6BE061DAD081 /* Pods */ = {
			isa = PBXGroup;
			children = (
				FB0F98F0D345BD68E11161D4 /* Pods-UseGCDDemo.debug.xcconfig */,
				76684C80955ABEB66FFFBFDB /* Pods-UseGCDDemo.release.xcconfig */,
			);
			name = Pods;
			sourceTree = "<group>";
		};
		6BD3F183C8B53A81A061EA50 /* Frameworks */ = {
			isa = PBXGroup;
			children = (
				FA2BC6E293BFCEA6294B9818 /* Pods_UseGCDDemo.framework */,
			);
			name = Frameworks;
			sourceTree = "<group>";
		};
		DF51551F1F0DFDD6001A0552 = {
			isa = PBXGroup;
			children = (
				DF51552A1F0DFDD6001A0552 /* UseGCDDemo */,
				DF5155471F0DFDD6001A0552 /* UseGCDDemoTests */,
				DF5155521F0DFDD6001A0552 /* UseGCDDemoUITests */,
				DF5155291F0DFDD6001A0552 /* Products */,
				28CC2B3D92CD6BE061DAD081 /* Pods */,
				6BD3F183C8B53A81A061EA50 /* Frameworks */,
			);
			sourceTree = "<group>";
		};
		DF5155291F0DFDD6001A0552 /* Products */ = {
			isa = PBXGroup;
			children = (
				DF5155281F0DFDD6001A0552 /* UseGCDDemo.app */,
				DF5155441F0DFDD6001A0552 /* UseGCDDemoTests.xctest */,
				DF51554F1F0DFDD6001A0552 /* UseGCDDemoUITests.xctest */,
			);
			name = Products;
			sourceTree = "<group>";
		};
		DF51552A1F0DFDD6001A0552 /* UseGCDDemo */ = {
			isa = PBXGroup;
			children = (
				DF5155621F0E0965001A0552 /* Tools */,
				DF51552E1F0DFDD6001A0552 /* AppDelegate.h */,
				DF51552F1F0DFDD6001A0552 /* AppDelegate.m */,
				DF5155311F0DFDD6001A0552 /* ViewController.h */,
				DF5155321F0DFDD6001A0552 /* ViewController.m */,
				DF5155341F0DFDD6001A0552 /* Main.storyboard */,
				DF51553A1F0DFDD6001A0552 /* Assets.xcassets */,
				DF51553C1F0DFDD6001A0552 /* LaunchScreen.storyboard */,
				DF51553F1F0DFDD6001A0552 /* Info.plist */,
				DF5155371F0DFDD6001A0552 /* UseGCDDemo.xcdatamodeld */,
				DF51552B1F0DFDD6001A0552 /* Supporting Files */,
			);
			path = UseGCDDemo;
			sourceTree = "<group>";
		};
		DF51552B1F0DFDD6001A0552 /* Supporting Files */ = {
			isa = PBXGroup;
			children = (
				DF51552C1F0DFDD6001A0552 /* main.m */,
			);
			name = "Supporting Files";
			sourceTree = "<group>";
		};
		DF5155471F0DFDD6001A0552 /* UseGCDDemoTests */ = {
			isa = PBXGroup;
			children = (
				DF5155481F0DFDD6001A0552 /* UseGCDDemoTests.m */,
				DF51554A1F0DFDD6001A0552 /* Info.plist */,
			);
			path = UseGCDDemoTests;
			sourceTree = "<group>";
		};
		DF5155521F0DFDD6001A0552 /* UseGCDDemoUITests */ = {
			isa = PBXGroup;
			children = (
				DF5155531F0DFDD6001A0552 /* UseGCDDemoUITests.m */,
				DF5155551F0DFDD6001A0552 /* Info.plist */,
			);
			path = UseGCDDemoUITests;
			sourceTree = "<group>";
		};
		DF5155621F0E0965001A0552 /* Tools */ = {
			isa = PBXGroup;
			children = (
			);
			path = Tools;
			sourceTree = "<group>";
		};
/* End PBXGroup section */

/* Begin PBXNativeTarget section */
		DF5155271F0DFDD6001A0552 /* UseGCDDemo */ = {
			isa = PBXNativeTarget;
			buildConfigurationList = DF5155581F0DFDD6001A0552 /* Build configuration list for PBXNativeTarget "UseGCDDemo" */;
			buildPhases = (
				67CABBD0AC7B596C186ADDE4 /* [CP] Check Pods Manifest.lock */,
				DF5155241F0DFDD6001A0552 /* Sources */,
				DF5155251F0DFDD6001A0552 /* Frameworks */,
				DF5155261F0DFDD6001A0552 /* Resources */,
				831A4DCAF27734A51C9C6A90 /* [CP] Embed Pods Frameworks */,
				1EC71E25CA20EBAEC19810C0 /* [CP] Copy Pods Resources */,
			);
			buildRules = (
			);
			dependencies = (
			);
			name = UseGCDDemo;
			productName = UseGCDDemo;
			productReference = DF5155281F0DFDD6001A0552 /* UseGCDDemo.app */;
			productType = "com.apple.product-type.application";
		};
		DF5155431F0DFDD6001A0552 /* UseGCDDemoTests */ = {
			isa = PBXNativeTarget;
			buildConfigurationList = DF51555B1F0DFDD6001A0552 /* Build configuration list for PBXNativeTarget "UseGCDDemoTests" */;
			buildPhases = (
				DF5155401F0DFDD6001A0552 /* Sources */,
				DF5155411F0DFDD6001A0552 /* Frameworks */,
				DF5155421F0DFDD6001A0552 /* Resources */,
			);
			buildRules = (
			);
			dependencies = (
				DF5155461F0DFDD6001A0552 /* PBXTargetDependency */,
			);
			name = UseGCDDemoTests;
			productName = UseGCDDemoTests;
			productReference = DF5155441F0DFDD6001A0552 /* UseGCDDemoTests.xctest */;
			productType = "com.apple.product-type.bundle.unit-test";
		};
		DF51554E1F0DFDD6001A0552 /* UseGCDDemoUITests */ = {
			isa = PBXNativeTarget;
			buildConfigurationList = DF51555E1F0DFDD6001A0552 /* Build configuration list for PBXNativeTarget "UseGCDDemoUITests" */;
			buildPhases = (
				DF51554B1F0DFDD6001A0552 /* Sources */,
				DF51554C1F0DFDD6001A0552 /* Frameworks */,
				DF51554D1F0DFDD6001A0552 /* Resources */,
			);
			buildRules = (
			);
			dependencies = (
				DF5155511F0DFDD6001A0552 /* PBXTargetDependency */,
			);
			name = UseGCDDemoUITests;
			productName = UseGCDDemoUITests;
			productReference = DF51554F1F0DFDD6001A0552 /* UseGCDDemoUITests.xctest */;
			productType = "com.apple.product-type.bundle.ui-testing";
		};
/* End PBXNativeTarget section */

/* Begin PBXProject section */
		DF5155201F0DFDD6001A0552 /* Project object */ = {
			isa = PBXProject;
			attributes = {
				LastUpgradeCheck = 0830;
				ORGANIZATIONNAME = cuzZLYues;
				TargetAttributes = {
					DF5155271F0DFDD6001A0552 = {
						CreatedOnToolsVersion = 8.3.3;
						DevelopmentTeam = 59H3PM6A58;
						ProvisioningStyle = Automatic;
					};
					DF5155431F0DFDD6001A0552 = {
						CreatedOnToolsVersion = 8.3.3;
						DevelopmentTeam = 59H3PM6A58;
						ProvisioningStyle = Automatic;
						TestTargetID = DF5155271F0DFDD6001A0552;
					};
					DF51554E1F0DFDD6001A0552 = {
						CreatedOnToolsVersion = 8.3.3;
						DevelopmentTeam = 59H3PM6A58;
						ProvisioningStyle = Automatic;
						TestTargetID = DF5155271F0DFDD6001A0552;
					};
				};
			};
			buildConfigurationList = DF5155231F0DFDD6001A0552 /* Build configuration list for PBXProject "UseGCDDemo" */;
			compatibilityVersion = "Xcode 3.2";
			developmentRegion = English;
			hasScannedForEncodings = 0;
			knownRegions = (
				en,
				Base,
			);
			mainGroup = DF51551F1F0DFDD6001A0552;
			productRefGroup = DF5155291F0DFDD6001A0552 /* Products */;
			projectDirPath = "";
			projectRoot = "";
			targets = (
				DF5155271F0DFDD6001A0552 /* UseGCDDemo */,
				DF5155431F0DFDD6001A0552 /* UseGCDDemoTests */,
				DF51554E1F0DFDD6001A0552 /* UseGCDDemoUITests */,
			);
		};
/* End PBXProject section */

/* Begin PBXResourcesBuildPhase section */
		DF5155261F0DFDD6001A0552 /* Resources */ = {
			isa = PBXResourcesBuildPhase;
			buildActionMask = 2147483647;
			files = (
				DF51553E1F0DFDD6001A0552 /* LaunchScreen.storyboard in Resources */,
				DF51553B1F0DFDD6001A0552 /* Assets.xcassets in Resources */,
				DF5155361F0DFDD6001A0552 /* Main.storyboard in Resources */,
			);
			runOnlyForDeploymentPostprocessing = 0;
		};
		DF5155421F0DFDD6001A0552 /* Resources */ = {
			isa = PBXResourcesBuildPhase;
			buildActionMask = 2147483647;
			files = (
			);
			runOnlyForDeploymentPostprocessing = 0;
		};
		DF51554D1F0DFDD6001A0552 /* Resources */ = {
			isa = PBXResourcesBuildPhase;
			buildActionMask = 2147483647;
			files = (
			);
			runOnlyForDeploymentPostprocessing = 0;
		};
/* End PBXResourcesBuildPhase section */

/* Begin PBXShellScriptBuildPhase section */
		1EC71E25CA20EBAEC19810C0 /* [CP] Copy Pods Resources */ = {
			isa = PBXShellScriptBuildPhase;
			buildActionMask = 2147483647;
			files = (
			);
			inputPaths = (
			);
			name = "[CP] Copy Pods Resources";
			outputPaths = (
			);
			runOnlyForDeploymentPostprocessing = 0;
			shellPath = /bin/sh;
			shellScript = "\"${SRCROOT}/Pods/Target Support Files/Pods-UseGCDDemo/Pods-UseGCDDemo-resources.sh\"\n";
			showEnvVarsInLog = 0;
		};
		67CABBD0AC7B596C186ADDE4 /* [CP] Check Pods Manifest.lock */ = {
			isa = PBXShellScriptBuildPhase;
			buildActionMask = 2147483647;
			files = (
			);
			inputPaths = (
			);
			name = "[CP] Check Pods Manifest.lock";
			outputPaths = (
			);
			runOnlyForDeploymentPostprocessing = 0;
			shellPath = /bin/sh;
			shellScript = "diff \"${PODS_PODFILE_DIR_PATH}/Podfile.lock\" \"${PODS_ROOT}/Manifest.lock\" > /dev/null\nif [ $? != 0 ] ; then\n    # print error to STDERR\n    echo \"error: The sandbox is not in sync with the Podfile.lock. Run 'pod install' or update your CocoaPods installation.\" >&2\n    exit 1\nfi\n";
			showEnvVarsInLog = 0;
		};
		831A4DCAF27734A51C9C6A90 /* [CP] Embed Pods Frameworks */ = {
			isa = PBXShellScriptBuildPhase;
			buildActionMask = 2147483647;
			files = (
			);
			inputPaths = (
			);
			name = "[CP] Embed Pods Frameworks";
			outputPaths = (
			);
			runOnlyForDeploymentPostprocessing = 0;
			shellPath = /bin/sh;
			shellScript = "\"${SRCROOT}/Pods/Target Support Files/Pods-UseGCDDemo/Pods-UseGCDDemo-frameworks.sh\"\n";
			showEnvVarsInLog = 0;
		};
/* End PBXShellScriptBuildPhase section */

/* Begin PBXSourcesBuildPhase section */
		DF5155241F0DFDD6001A0552 /* Sources */ = {
			isa = PBXSourcesBuildPhase;
			buildActionMask = 2147483647;
			files = (
				DF5155331F0DFDD6001A0552 /* ViewController.m in Sources */,
				DF5155301F0DFDD6001A0552 /* AppDelegate.m in Sources */,
				DF51552D1F0DFDD6001A0552 /* main.m in Sources */,
				DF5155391F0DFDD6001A0552 /* UseGCDDemo.xcdatamodeld in Sources */,
			);
			runOnlyForDeploymentPostprocessing = 0;
		};
		DF5155401F0DFDD6001A0552 /* Sources */ = {
			isa = PBXSourcesBuildPhase;
			buildActionMask = 2147483647;
			files = (
				DF5155491F0DFDD6001A0552 /* UseGCDDemoTests.m in Sources */,
			);
			runOnlyForDeploymentPostprocessing = 0;
		};
		DF51554B1F0DFDD6001A0552 /* Sources */ = {
			isa = PBXSourcesBuildPhase;
			buildActionMask = 2147483647;
			files = (
				DF5155541F0DFDD6001A0552 /* UseGCDDemoUITests.m in Sources */,
			);
			runOnlyForDeploymentPostprocessing = 0;
		};
/* End PBXSourcesBuildPhase section */

/* Begin PBXTargetDependency section */
		DF5155461F0DFDD6001A0552 /* PBXTargetDependency */ = {
			isa = PBXTargetDependency;
			target = DF5155271F0DFDD6001A0552 /* UseGCDDemo */;
			targetProxy = DF5155451F0DFDD6001A0552 /* PBXContainerItemProxy */;
		};
		DF5155511F0DFDD6001A0552 /* PBXTargetDependency */ = {
			isa = PBXTargetDependency;
			target = DF5155271F0DFDD6001A0552 /* UseGCDDemo */;
			targetProxy = DF5155501F0DFDD6001A0552 /* PBXContainerItemProxy */;
		};
/* End PBXTargetDependency section */

/* Begin PBXVariantGroup section */
		DF5155341F0DFDD6001A0552 /* Main.storyboard */ = {
			isa = PBXVariantGroup;
			children = (
				DF5155351F0DFDD6001A0552 /* Base */,
			);
			name = Main.storyboard;
			sourceTree = "<group>";
		};
		DF51553C1F0DFDD6001A0552 /* LaunchScreen.storyboard */ = {
			isa = PBXVariantGroup;
			children = (
				DF51553D1F0DFDD6001A0552 /* Base */,
			);
			name = LaunchScreen.storyboard;
			sourceTree = "<group>";
		};
/* End PBXVariantGroup section */

/* Begin XCBuildConfiguration section */
		DF5155561F0DFDD6001A0552 /* Debug */ = {
			isa = XCBuildConfiguration;
			buildSettings = {
				ALWAYS_SEARCH_USER_PATHS = NO;
				CLANG_ANALYZER_NONNULL = YES;
				CLANG_ANALYZER_NUMBER_OBJECT_CONVERSION = YES_AGGRESSIVE;
				CLANG_CXX_LANGUAGE_STANDARD = "gnu++0x";
				CLANG_CXX_LIBRARY = "libc++";
				CLANG_ENABLE_MODULES = YES;
				CLANG_ENABLE_OBJC_ARC = YES;
				CLANG_WARN_BOOL_CONVERSION = YES;
				CLANG_WARN_CONSTANT_CONVERSION = YES;
				CLANG_WARN_DIRECT_OBJC_ISA_USAGE = YES_ERROR;
				CLANG_WARN_DOCUMENTATION_COMMENTS = YES;
				CLANG_WARN_EMPTY_BODY = YES;
				CLANG_WARN_ENUM_CONVERSION = YES;
				CLANG_WARN_INFINITE_RECURSION = YES;
				CLANG_WARN_INT_CONVERSION = YES;
				CLANG_WARN_OBJC_ROOT_CLASS = YES_ERROR;
				CLANG_WARN_SUSPICIOUS_MOVE = YES;
				CLANG_WARN_UNREACHABLE_CODE = YES;
				CLANG_WARN__DUPLICATE_METHOD_MATCH = YES;
				"CODE_SIGN_IDENTITY[sdk=iphoneos*]" = "iPhone Developer";
				COPY_PHASE_STRIP = NO;
				DEBUG_INFORMATION_FORMAT = dwarf;
				ENABLE_STRICT_OBJC_MSGSEND = YES;
				ENABLE_TESTABILITY = YES;
				GCC_C_LANGUAGE_STANDARD = gnu99;
				GCC_DYNAMIC_NO_PIC = NO;
				GCC_NO_COMMON_BLOCKS = YES;
				GCC_OPTIMIZATION_LEVEL = 0;
				GCC_PREPROCESSOR_DEFINITIONS = (
					"DEBUG=1",
					"$(inherited)",
				);
				GCC_WARN_64_TO_32_BIT_CONVERSION = YES;
				GCC_WARN_ABOUT_RETURN_TYPE = YES_ERROR;
				GCC_WARN_UNDECLARED_SELECTOR = YES;
				GCC_WARN_UNINITIALIZED_AUTOS = YES_AGGRESSIVE;
				GCC_WARN_UNUSED_FUNCTION = YES;
				GCC_WARN_UNUSED_VARIABLE = YES;
				IPHONEOS_DEPLOYMENT_TARGET = 10.3;
				MTL_ENABLE_DEBUG_INFO = YES;
				ONLY_ACTIVE_ARCH = YES;
				SDKROOT = iphoneos;
				TARGETED_DEVICE_FAMILY = "1,2";
			};
			name = Debug;
		};
		DF5155571F0DFDD6001A0552 /* Release */ = {
			isa = XCBuildConfiguration;
			buildSettings = {
				ALWAYS_SEARCH_USER_PATHS = NO;
				CLANG_ANALYZER_NONNULL = YES;
				CLANG_ANALYZER_NUMBER_OBJECT_CONVERSION = YES_AGGRESSIVE;
				CLANG_CXX_LANGUAGE_STANDARD = "gnu++0x";
				CLANG_CXX_LIBRARY = "libc++";
				CLANG_ENABLE_MODULES = YES;
				CLANG_ENABLE_OBJC_ARC = YES;
				CLANG_WARN_BOOL_CONVERSION = YES;
				CLANG_WARN_CONSTANT_CONVERSION = YES;
				CLANG_WARN_DIRECT_OBJC_ISA_USAGE = YES_ERROR;
				CLANG_WARN_DOCUMENTATION_COMMENTS = YES;
				CLANG_WARN_EMPTY_BODY = YES;
				CLANG_WARN_ENUM_CONVERSION = YES;
				CLANG_WARN_INFINITE_RECURSION = YES;
				CLANG_WARN_INT_CONVERSION = YES;
				CLANG_WARN_OBJC_ROOT_CLASS = YES_ERROR;
				CLANG_WARN_SUSPICIOUS_MOVE = YES;
				CLANG_WARN_UNREACHABLE_CODE = YES;
				CLANG_WARN__DUPLICATE_METHOD_MATCH = YES;
				"CODE_SIGN_IDENTITY[sdk=iphoneos*]" = "iPhone Developer";
				COPY_PHASE_STRIP = NO;
				DEBUG_INFORMATION_FORMAT = "dwarf-with-dsym";
				ENABLE_NS_ASSERTIONS = NO;
				ENABLE_STRICT_OBJC_MSGSEND = YES;
				GCC_C_LANGUAGE_STANDARD = gnu99;
				GCC_NO_COMMON_BLOCKS = YES;
				GCC_WARN_64_TO_32_BIT_CONVERSION = YES;
				GCC_WARN_ABOUT_RETURN_TYPE = YES_ERROR;
				GCC_WARN_UNDECLARED_SELECTOR = YES;
				GCC_WARN_UNINITIALIZED_AUTOS = YES_AGGRESSIVE;
				GCC_WARN_UNUSED_FUNCTION = YES;
				GCC_WARN_UNUSED_VARIABLE = YES;
				IPHONEOS_DEPLOYMENT_TARGET = 10.3;
				MTL_ENABLE_DEBUG_INFO = NO;
				SDKROOT = iphoneos;
				TARGETED_DEVICE_FAMILY = "1,2";
				VALIDATE_PRODUCT = YES;
			};
			name = Release;
		};
		DF5155591F0DFDD6001A0552 /* Debug */ = {
			isa = XCBuildConfiguration;
			baseConfigurationReference = FB0F98F0D345BD68E11161D4 /* Pods-UseGCDDemo.debug.xcconfig */;
			buildSettings = {
				ASSETCATALOG_COMPILER_APPICON_NAME = AppIcon;
				DEVELOPMENT_TEAM = 59H3PM6A58;
				INFOPLIST_FILE = UseGCDDemo/Info.plist;
				LD_RUNPATH_SEARCH_PATHS = "$(inherited) @executable_path/Frameworks";
				PRODUCT_BUNDLE_IDENTIFIER = cuzZLYues.UseGCDDemo;
				PRODUCT_NAME = "$(TARGET_NAME)";
			};
			name = Debug;
		};
		DF51555A1F0DFDD6001A0552 /* Release */ = {
			isa = XCBuildConfiguration;
			baseConfigurationReference = 76684C80955ABEB66FFFBFDB /* Pods-UseGCDDemo.release.xcconfig */;
			buildSettings = {
				ASSETCATALOG_COMPILER_APPICON_NAME = AppIcon;
				DEVELOPMENT_TEAM = 59H3PM6A58;
				INFOPLIST_FILE = UseGCDDemo/Info.plist;
				LD_RUNPATH_SEARCH_PATHS = "$(inherited) @executable_path/Frameworks";
				PRODUCT_BUNDLE_IDENTIFIER = cuzZLYues.UseGCDDemo;
				PRODUCT_NAME = "$(TARGET_NAME)";
			};
			name = Release;
		};
		DF51555C1F0DFDD6001A0552 /* Debug */ = {
			isa = XCBuildConfiguration;
			buildSettings = {
				BUNDLE_LOADER = "$(TEST_HOST)";
				DEVELOPMENT_TEAM = 59H3PM6A58;
				INFOPLIST_FILE = UseGCDDemoTests/Info.plist;
				LD_RUNPATH_SEARCH_PATHS = "$(inherited) @executable_path/Frameworks @loader_path/Frameworks";
				PRODUCT_BUNDLE_IDENTIFIER = cuzZLYues.UseGCDDemoTests;
				PRODUCT_NAME = "$(TARGET_NAME)";
				TEST_HOST = "$(BUILT_PRODUCTS_DIR)/UseGCDDemo.app/UseGCDDemo";
			};
			name = Debug;
		};
		DF51555D1F0DFDD6001A0552 /* Release */ = {
			isa = XCBuildConfiguration;
			buildSettings = {
				BUNDLE_LOADER = "$(TEST_HOST)";
				DEVELOPMENT_TEAM = 59H3PM6A58;
				INFOPLIST_FILE = UseGCDDemoTests/Info.plist;
				LD_RUNPATH_SEARCH_PATHS = "$(inherited) @executable_path/Frameworks @loader_path/Frameworks";
				PRODUCT_BUNDLE_IDENTIFIER = cuzZLYues.UseGCDDemoTests;
				PRODUCT_NAME = "$(TARGET_NAME)";
				TEST_HOST = "$(BUILT_PRODUCTS_DIR)/UseGCDDemo.app/UseGCDDemo";
			};
			name = Release;
		};
		DF51555F1F0DFDD6001A0552 /* Debug */ = {
			isa = XCBuildConfiguration;
			buildSettings = {
				DEVELOPMENT_TEAM = 59H3PM6A58;
				INFOPLIST_FILE = UseGCDDemoUITests/Info.plist;
				LD_RUNPATH_SEARCH_PATHS = "$(inherited) @executable_path/Frameworks @loader_path/Frameworks";
				PRODUCT_BUNDLE_IDENTIFIER = cuzZLYues.UseGCDDemoUITests;
				PRODUCT_NAME = "$(TARGET_NAME)";
				TEST_TARGET_NAME = UseGCDDemo;
			};
			name = Debug;
		};
		DF5155601F0DFDD6001A0552 /* Release */ = {
			isa = XCBuildConfiguration;
			buildSettings = {
				DEVELOPMENT_TEAM = 59H3PM6A58;
				INFOPLIST_FILE = UseGCDDemoUITests/Info.plist;
				LD_RUNPATH_SEARCH_PATHS = "$(inherited) @executable_path/Frameworks @loader_path/Frameworks";
				PRODUCT_BUNDLE_IDENTIFIER = cuzZLYues.UseGCDDemoUITests;
				PRODUCT_NAME = "$(TARGET_NAME)";
				TEST_TARGET_NAME = UseGCDDemo;
			};
			name = Release;
		};
/* End XCBuildConfiguration section */

/* Begin XCConfigurationList section */
		DF5155231F0DFDD6001A0552 /* Build configuration list for PBXProject "UseGCDDemo" */ = {
			isa = XCConfigurationList;
			buildConfigurations = (
				DF5155561F0DFDD6001A0552 /* Debug */,
				DF5155571F0DFDD6001A0552 /* Release */,
			);
			defaultConfigurationIsVisible = 0;
			defaultConfigurationName = Release;
		};
		DF5155581F0DFDD6001A0552 /* Build configuration list for PBXNativeTarget "UseGCDDemo" */ = {
			isa = XCConfigurationList;
			buildConfigurations = (
				DF5155591F0DFDD6001A0552 /* Debug */,
				DF51555A1F0DFDD6001A0552 /* Release */,
			);
			defaultConfigurationIsVisible = 0;
			defaultConfigurationName = Release;
		};
		DF51555B1F0DFDD6001A0552 /* Build configuration list for PBXNativeTarget "UseGCDDemoTests" */ = {
			isa = XCConfigurationList;
			buildConfigurations = (
				DF51555C1F0DFDD6001A0552 /* Debug */,
				DF51555D1F0DFDD6001A0552 /* Release */,
			);
			defaultConfigurationIsVisible = 0;
			defaultConfigurationName = Release;
		};
		DF51555E1F0DFDD6001A0552 /* Build configuration list for PBXNativeTarget "UseGCDDemoUITests" */ = {
			isa = XCConfigurationList;
			buildConfigurations = (
				DF51555F1F0DFDD6001A0552 /* Debug */,
				DF5155601F0DFDD6001A0552 /* Release */,
			);
			defaultConfigurationIsVisible = 0;
			defaultConfigurationName = Release;
		};
/* End XCConfigurationList section */

/* Begin XCVersionGroup section */
		DF5155371F0DFDD6001A0552 /* UseGCDDemo.xcdatamodeld */ = {
			isa = XCVersionGroup;
			children = (
				DF5155381F0DFDD6001A0552 /* UseGCDDemo.xcdatamodel */,
			);
			currentVersion = DF5155381F0DFDD6001A0552 /* UseGCDDemo.xcdatamodel */;
			path = UseGCDDemo.xcdatamodeld;
			sourceTree = "<group>";
			versionGroupType = wrapper.xcdatamodel;
		};
/* End XCVersionGroup section */
	};
	rootObject = DF5155201F0DFDD6001A0552 /* Project object */;
}
